<Solution>
  <Folder Name="/runtimes/">
    <Project Path="src/runtimes/runtime.linux-arm64.Anthropic.ClaudeAgentSdk.Native/runtime.linux-arm64.Anthropic.ClaudeAgentSdk.Native.csproj" />
    <Project Path="src/runtimes/runtime.linux-x64.Anthropic.ClaudeAgentSdk.Native/runtime.linux-x64.Anthropic.ClaudeAgentSdk.Native.csproj" />
    <Project Path="src/runtimes/runtime.osx-arm64.Anthropic.ClaudeAgentSdk.Native/runtime.osx-arm64.Anthropic.ClaudeAgentSdk.Native.csproj" />
    <Project Path="src/runtimes/runtime.osx-x64.Anthropic.ClaudeAgentSdk.Native/runtime.osx-x64.Anthropic.ClaudeAgentSdk.Native.csproj" />
    <Project Path="src/runtimes/runtime.win-x64.Anthropic.ClaudeAgentSdk.Native/runtime.win-x64.Anthropic.ClaudeAgentSdk.Native.csproj" />
  </Folder>
</Solution>
