<Solution>
  <Folder Name="/src/">
    <Project Path="src/Anthropic.ClaudeAgentSdk/Anthropic.ClaudeAgentSdk.csproj" />
  </Folder>
  <Folder Name="/tests/">
    <Project Path="tests/Anthropic.ClaudeAgentSdk.Tests/Anthropic.ClaudeAgentSdk.Tests.csproj" />
  </Folder>
  <Folder Name="/eng/">
    <Project Path="eng/aot-smoke/AotSmoke.csproj" />
  </Folder>
  <Folder Name="/runtimes/">
    <Project Path="src/runtimes/runtime.linux-arm64.Anthropic.ClaudeAgentSdk.Native/runtime.linux-arm64.Anthropic.ClaudeAgentSdk.Native.csproj" />
    <Project Path="src/runtimes/runtime.linux-x64.Anthropic.ClaudeAgentSdk.Native/runtime.linux-x64.Anthropic.ClaudeAgentSdk.Native.csproj" />
    <Project Path="src/runtimes/runtime.osx-arm64.Anthropic.ClaudeAgentSdk.Native/runtime.osx-arm64.Anthropic.ClaudeAgentSdk.Native.csproj" />
    <Project Path="src/runtimes/runtime.osx-x64.Anthropic.ClaudeAgentSdk.Native/runtime.osx-x64.Anthropic.ClaudeAgentSdk.Native.csproj" />
    <Project Path="src/runtimes/runtime.win-x64.Anthropic.ClaudeAgentSdk.Native/runtime.win-x64.Anthropic.ClaudeAgentSdk.Native.csproj" />
  </Folder>
</Solution>
